PODS:
  - CategoryPropertyDynamicSupport (1.1.2)
  - LSRootNavigationController (1.1.2)
  - LSRouter (1.1.2)

DEPENDENCIES:
  - CategoryPropertyDynamicSupport
  - LSRootNavigationController
  - LSRouter

SPEC CHECKSUMS:
  CategoryPropertyDynamicSupport: b0eb3057217ba75492ab778552337aaf537ab52d
  LSRootNavigationController: 2eb7f0cd6666b14c32a6e4f5fd2259786e38bdc0
  LSRouter: e70fe5bb8e7e80ddcb1e267388eb392ce19aee62

PODFILE CHECKSUM: f81a2ed4dca9791e21f4d5a5904a25862c6b7897

COCOAPODS: 1.4.0
